{
  "nodes": {
    "my-rules": {
      "flake": false,
      "locked": {
        "lastModified": 1788218216,
        "narHash": "sha256-RLCjV6Plxvog54vAk6w4pZtIUGk59WoolMuJDeHQQSE=",
        "owner": "e3e0261f",
        "repo": "GEoIP-GEoSITE",
        "rev": "87cbc0b4a32f97f65dd3bd71053093a35688474e",
        "type": "github"
      },
      "original": {
        "owner": "e3e0261f",
        "repo": "GEoIP-GEoSITE",
        "type": "github"
      }
    },
    "nixpkgs": {
      "locked": {
        "lastModified": 1788179007,
        "narHash": "sha256-hn1oU2rue2SYK8dAr8+WNZWtbsz1S2W5mnHlSEuh3bo=",
        "owner": "nixos",
        "repo": "nixpkgs",
        "rev": "34ab99075ac4f7e40cf037eef32cb1c360bb85e9",
        "type": "github"
      },
      "original": {
        "owner": "nixos",
        "ref": "nixos-unstable",
        "repo": "nixpkgs",
        "type": "github"
      }
    },
    "root": {
      "inputs": {
        "my-rules": "my-rules",
        "nixpkgs": "nixpkgs"
      }
    }
  },
  "root": "root",
  "version": 7
}
